// !$*UTF8*$!
{
	archiveVersion = 1;
	classes = {
	};
	objectVersion = 48;
	objects = {

/* Begin PBXBuildFile section */
		3DDE093E1FD9879A00CE7201 /* AppDelegate.swift in Sources */ = {isa = PBXBuildFile; fileRef = 3DDE093D1FD9879A00CE7201 /* AppDelegate.swift */; };
		3DDE09401FD9879A00CE7201 /* ViewController.swift in Sources */ = {isa = PBXBuildFile; fileRef = 3DDE093F1FD9879A00CE7201 /* ViewController.swift */; };
		3DDE09431FD9879A00CE7201 /* Main.storyboard in Resources */ = {isa = PBXBuildFile; fileRef = 3DDE09411FD9879A00CE7201 /* Main.storyboard */; };
		3DDE09451FD9879A00CE7201 /* Assets.xcassets in Resources */ = {isa = PBXBuildFile; fileRef = 3DDE09441FD9879A00CE7201 /* Assets.xcassets */; };
		3DDE09481FD9879A00CE7201 /* LaunchScreen.storyboard in Resources */ = {isa = PBXBuildFile; fileRef = 3DDE09461FD9879A00CE7201 /* LaunchScreen.storyboard */; };
/* End PBXBuildFile section */

/* Begin PBXFileReference section */
		3DDE093A1FD9879A00CE7201 /* urna-distribuida-app.app */ = {isa = PBXFileReference; explicitFileType = wrapper.application; includeInIndex = 0; path = "urna-distribuida-app.app"; sourceTree = BUILT_PRODUCTS_DIR; };
		3DDE093D1FD9879A00CE7201 /* AppDelegate.swift */ = {isa = PBXFileReference; lastKnownFileType = sourcecode.swift; path = AppDelegate.swift; sourceTree = "<group>"; };
		3DDE093F1FD9879A00CE7201 /* ViewController.swift */ = {isa = PBXFileReference; lastKnownFileType = sourcecode.swift; path = ViewController.swift; sourceTree = "<group>"; };
		3DDE09421FD9879A00CE7201 /* Base */ = {isa = PBXFileReference; lastKnownFileType = file.storyboard; name = Base; path = Base.lproj/Main.storyboard; sourceTree = "<group>"; };
		3DDE09441FD9879A00CE7201 /* Assets.xcassets */ = {isa = PBXFileReference; lastKnownFileType = folder.assetcatalog; path = Assets.xcassets; sourceTree = "<group>"; };
		3DDE09471FD9879A00CE7201 /* Base */ = {isa = PBXFileReference; lastKnownFileType = file.storyboard; name = Base; path = Base.lproj/LaunchScreen.storyboard; sourceTree = "<group>"; };
		3DDE09491FD9879A00CE7201 /* Info.plist */ = {isa = PBXFileReference; lastKnownFileType = text.plist.xml; path = Info.plist; sourceTree = "<group>"; };
/* End PBXFileReference section */

/* Begin PBXFrameworksBuildPhase section */
		3DDE09371FD9879A00CE7201 /* Frameworks */ = {
			isa = PBXFrameworksBuildPhase;
			buildActionMask = 2147483647;
			files = (
			);
			runOnlyForDeploymentPostprocessing = 0;
		};
/* End PBXFrameworksBuildPhase section */

/* Begin PBXGroup section */
		3DDE09311FD9879900CE7201 = {
			isa = PBXGroup;
			children = (
				3DDE093C1FD9879A00CE7201 /* urna-distribuida-app */,
				3DDE093B1FD9879A00CE7201 /* Products */,
			);
			sourceTree = "<group>";
		};
		3DDE093B1FD9879A00CE7201 /* Products */ = {
			isa = PBXGroup;
			children = (
				3DDE093A1FD9879A00CE7201 /* urna-distribuida-app.app */,
			);
			name = Products;
			sourceTree = "<group>";
		};
		3DDE093C1FD9879A00CE7201 /* urna-distribuida-app */ = {
			isa = PBXGroup;
			children = (
				3DDE093D1FD9879A00CE7201 /* AppDelegate.swift */,
				3DDE093F1FD9879A00CE7201 /* ViewController.swift */,
				3DDE09411FD9879A00CE7201 /* Main.storyboard */,
				3DDE09441FD9879A00CE7201 /* Assets.xcassets */,
				3DDE09461FD9879A00CE7201 /* LaunchScreen.storyboard */,
				3DDE09491FD9879A00CE7201 /* Info.plist */,
			);
			path = "urna-distribuida-app";
			sourceTree = "<group>";
		};
/* End PBXGroup section */

/* Begin PBXNativeTarget section */
		3DDE09391FD9879A00CE7201 /* urna-distribuida-app */ = {
			isa = PBXNativeTarget;
			buildConfigurationList = 3DDE094C1FD9879A00CE7201 /* Build configuration list for PBXNativeTarget "urna-distribuida-app" */;
			buildPhases = (
				3DDE09361FD9879A00CE7201 /* Sources */,
				3DDE09371FD9879A00CE7201 /* Frameworks */,
				3DDE09381FD9879A00CE7201 /* Resources */,
			);
			buildRules = (
			);
			dependencies = (
			);
			name = "urna-distribuida-app";
			productName = "urna-distribuida-app";
			productReference = 3DDE093A1FD9879A00CE7201 /* urna-distribuida-app.app */;
			productType = "com.apple.product-type.application";
		};
/* End PBXNativeTarget section */

/* Begin PBXProject section */
		3DDE09321FD9879900CE7201 /* Project object */ = {
			isa = PBXProject;
			attributes = {
				LastSwiftUpdateCheck = 0920;
				LastUpgradeCheck = 0920;
				ORGANIZATIONNAME = "Laura Abitante";
				TargetAttributes = {
					3DDE09391FD9879A00CE7201 = {
						CreatedOnToolsVersion = 9.2;
						ProvisioningStyle = Automatic;
					};
				};
			};
			buildConfigurationList = 3DDE09351FD9879900CE7201 /* Build configuration list for PBXProject "urna-distribuida-app" */;
			compatibilityVersion = "Xcode 8.0";
			developmentRegion = en;
			hasScannedForEncodings = 0;
			knownRegions = (
				en,
				Base,
			);
			mainGroup = 3DDE09311FD9879900CE7201;
			productRefGroup = 3DDE093B1FD9879A00CE7201 /* Products */;
			projectDirPath = "";
			projectRoot = "";
			targets = (
				3DDE09391FD9879A00CE7201 /* urna-distribuida-app */,
			);
		};
/* End PBXProject section */

/* Begin PBXResourcesBuildPhase section */
		3DDE09381FD9879A00CE7201 /* Resources */ = {
			isa = PBXResourcesBuildPhase;
			buildActionMask = 2147483647;
			files = (
				3DDE09481FD9879A00CE7201 /* LaunchScreen.storyboard in Resources */,
				3DDE09451FD9879A00CE7201 /* Assets.xcassets in Resources */,
				3DDE09431FD9879A00CE7201 /* Main.storyboard in Resources */,
			);
			runOnlyForDeploymentPostprocessing = 0;
		};
/* End PBXResourcesBuildPhase section */

/* Begin PBXSourcesBuildPhase section */
		3DDE09361FD9879A00CE7201 /* Sources */ = {
			isa = PBXSourcesBuildPhase;
			buildActionMask = 2147483647;
			files = (
				3DDE09401FD9879A00CE7201 /* ViewController.swift in Sources */,
				3DDE093E1FD9879A00CE7201 /* AppDelegate.swift in Sources */,
			);
			runOnlyForDeploymentPostprocessing = 0;
		};
/* End PBXSourcesBuildPhase section */

/* Begin PBXVariantGroup section */
		3DDE09411FD9879A00CE7201 /* Main.storyboard */ = {
			isa = PBXVariantGroup;
			children = (
				3DDE09421FD9879A00CE7201 /* Base */,
			);
			name = Main.storyboard;
			sourceTree = "<group>";
		};
		3DDE09461FD9879A00CE7201 /* LaunchScreen.storyboard */ = {
			isa = PBXVariantGroup;
			children = (
				3DDE09471FD9879A00CE7201 /* Base */,
			);
			name = LaunchScreen.storyboard;
			sourceTree = "<group>";
		};
/* End PBXVariantGroup section */

/* Begin XCBuildConfiguration section */
		3DDE094A1FD9879A00CE7201 /* Debug */ = {
			isa = XCBuildConfiguration;
			buildSettings = {
				ALWAYS_SEARCH_USER_PATHS = NO;
				CLANG_ANALYZER_NONNULL = YES;
				CLANG_ANALYZER_NUMBER_OBJECT_CONVERSION = YES_AGGRESSIVE;
				CLANG_CXX_LANGUAGE_STANDARD = "gnu++14";
				CLANG_CXX_LIBRARY = "libc++";
				CLANG_ENABLE_MODULES = YES;
				CLANG_ENABLE_OBJC_ARC = YES;
				CLANG_WARN_BLOCK_CAPTURE_AUTORELEASING = YES;
				CLANG_WARN_BOOL_CONVERSION = YES;
				CLANG_WARN_COMMA = YES;
				CLANG_WARN_CONSTANT_CONVERSION = YES;
				CLANG_WARN_DIRECT_OBJC_ISA_USAGE = YES_ERROR;
				CLANG_WARN_DOCUMENTATION_COMMENTS = YES;
				CLANG_WARN_EMPTY_BODY = YES;
				CLANG_WARN_ENUM_CONVERSION = YES;
				CLANG_WARN_INFINITE_RECURSION = YES;
				CLANG_WARN_INT_CONVERSION = YES;
				CLANG_WARN_NON_LITERAL_NULL_CONVERSION = YES;
				CLANG_WARN_OBJC_LITERAL_CONVERSION = YES;
				CLANG_WARN_OBJC_ROOT_CLASS = YES_ERROR;
				CLANG_WARN_RANGE_LOOP_ANALYSIS = YES;
				CLANG_WARN_STRICT_PROTOTYPES = YES;
				CLANG_WARN_SUSPICIOUS_MOVE = YES;
				CLANG_WARN_UNGUARDED_AVAILABILITY = YES_AGGRESSIVE;
				CLANG_WARN_UNREACHABLE_CODE = YES;
				CLANG_WARN__DUPLICATE_METHOD_MATCH = YES;
				CODE_SIGN_IDENTITY = "iPhone Developer";
				COPY_PHASE_STRIP = NO;
				DEBUG_INFORMATION_FORMAT = dwarf;
				ENABLE_STRICT_OBJC_MSGSEND = YES;
				ENABLE_TESTABILITY = YES;
				GCC_C_LANGUAGE_STANDARD = gnu11;
				GCC_DYNAMIC_NO_PIC = NO;
				GCC_NO_COMMON_BLOCKS = YES;
				GCC_OPTIMIZATION_LEVEL = 0;
				GCC_PREPROCESSOR_DEFINITIONS = (
					"DEBUG=1",
					"$(inherited)",
				);
				GCC_WARN_64_TO_32_BIT_CONVERSION = YES;
				GCC_WARN_ABOUT_RETURN_TYPE = YES_ERROR;
				GCC_WARN_UNDECLARED_SELECTOR = YES;
				GCC_WARN_UNINITIALIZED_AUTOS = YES_AGGRESSIVE;
				GCC_WARN_UNUSED_FUNCTION = YES;
				GCC_WARN_UNUSED_VARIABLE = YES;
				IPHONEOS_DEPLOYMENT_TARGET = 11.2;
				MTL_ENABLE_DEBUG_INFO = YES;
				ONLY_ACTIVE_ARCH = YES;
				SDKROOT = iphoneos;
				SWIFT_ACTIVE_COMPILATION_CONDITIONS = DEBUG;
				SWIFT_OPTIMIZATION_LEVEL = "-Onone";
			};
			name = Debug;
		};
		3DDE094B1FD9879A00CE7201 /* Release */ = {
			isa = XCBuildConfiguration;
			buildSettings = {
				ALWAYS_SEARCH_USER_PATHS = NO;
				CLANG_ANALYZER_NONNULL = YES;
				CLANG_ANALYZER_NUMBER_OBJECT_CONVERSION = YES_AGGRESSIVE;
				CLANG_CXX_LANGUAGE_STANDARD = "gnu++14";
				CLANG_CXX_LIBRARY = "libc++";
				CLANG_ENABLE_MODULES = YES;
				CLANG_ENABLE_OBJC_ARC = YES;
				CLANG_WARN_BLOCK_CAPTURE_AUTORELEASING = YES;
				CLANG_WARN_BOOL_CONVERSION = YES;
				CLANG_WARN_COMMA = YES;
				CLANG_WARN_CONSTANT_CONVERSION = YES;
				CLANG_WARN_DIRECT_OBJC_ISA_USAGE = YES_ERROR;
				CLANG_WARN_DOCUMENTATION_COMMENTS = YES;
				CLANG_WARN_EMPTY_BODY = YES;
				CLANG_WARN_ENUM_CONVERSION = YES;
				CLANG_WARN_INFINITE_RECURSION = YES;
				CLANG_WARN_INT_CONVERSION = YES;
				CLANG_WARN_NON_LITERAL_NULL_CONVERSION = YES;
				CLANG_WARN_OBJC_LITERAL_CONVERSION = YES;
				CLANG_WARN_OBJC_ROOT_CLASS = YES_ERROR;
				CLANG_WARN_RANGE_LOOP_ANALYSIS = YES;
				CLANG_WARN_STRICT_PROTOTYPES = YES;
				CLANG_WARN_SUSPICIOUS_MOVE = YES;
				CLANG_WARN_UNGUARDED_AVAILABILITY = YES_AGGRESSIVE;
				CLANG_WARN_UNREACHABLE_CODE = YES;
				CLANG_WARN__DUPLICATE_METHOD_MATCH = YES;
				CODE_SIGN_IDENTITY = "iPhone Developer";
				COPY_PHASE_STRIP = NO;
				DEBUG_INFORMATION_FORMAT = "dwarf-with-dsym";
				ENABLE_NS_ASSERTIONS = NO;
				ENABLE_STRICT_OBJC_MSGSEND = YES;
				GCC_C_LANGUAGE_STANDARD = gnu11;
				GCC_NO_COMMON_BLOCKS = YES;
				GCC_WARN_64_TO_32_BIT_CONVERSION = YES;
				GCC_WARN_ABOUT_RETURN_TYPE = YES_ERROR;
				GCC_WARN_UNDECLARED_SELECTOR = YES;
				GCC_WARN_UNINITIALIZED_AUTOS = YES_AGGRESSIVE;
				GCC_WARN_UNUSED_FUNCTION = YES;
				GCC_WARN_UNUSED_VARIABLE = YES;
				IPHONEOS_DEPLOYMENT_TARGET = 11.2;
				MTL_ENABLE_DEBUG_INFO = NO;
				SDKROOT = iphoneos;
				SWIFT_OPTIMIZATION_LEVEL = "-Owholemodule";
				VALIDATE_PRODUCT = YES;
			};
			name = Release;
		};
		3DDE094D1FD9879A00CE7201 /* Debug */ = {
			isa = XCBuildConfiguration;
			buildSettings = {
				ASSETCATALOG_COMPILER_APPICON_NAME = AppIcon;
				CODE_SIGN_STYLE = Automatic;
				DEVELOPMENT_TEAM = 74SMNA83A6;
				INFOPLIST_FILE = "urna-distribuida-app/Info.plist";
				LD_RUNPATH_SEARCH_PATHS = "$(inherited) @executable_path/Frameworks";
				PRODUCT_BUNDLE_IDENTIFIER = "com.lauraabitante.urna-distribuida-app";
				PRODUCT_NAME = "$(TARGET_NAME)";
				SWIFT_VERSION = 4.0;
				TARGETED_DEVICE_FAMILY = "1,2";
			};
			name = Debug;
		};
		3DDE094E1FD9879A00CE7201 /* Release */ = {
			isa = XCBuildConfiguration;
			buildSettings = {
				ASSETCATALOG_COMPILER_APPICON_NAME = AppIcon;
				CODE_SIGN_STYLE = Automatic;
				DEVELOPMENT_TEAM = 74SMNA83A6;
				INFOPLIST_FILE = "urna-distribuida-app/Info.plist";
				LD_RUNPATH_SEARCH_PATHS = "$(inherited) @executable_path/Frameworks";
				PRODUCT_BUNDLE_IDENTIFIER = "com.lauraabitante.urna-distribuida-app";
				PRODUCT_NAME = "$(TARGET_NAME)";
				SWIFT_VERSION = 4.0;
				TARGETED_DEVICE_FAMILY = "1,2";
			};
			name = Release;
		};
/* End XCBuildConfiguration section */

/* Begin XCConfigurationList section */
		3DDE09351FD9879900CE7201 /* Build configuration list for PBXProject "urna-distribuida-app" */ = {
			isa = XCConfigurationList;
			buildConfigurations = (
				3DDE094A1FD9879A00CE7201 /* Debug */,
				3DDE094B1FD9879A00CE7201 /* Release */,
			);
			defaultConfigurationIsVisible = 0;
			defaultConfigurationName = Release;
		};
		3DDE094C1FD9879A00CE7201 /* Build configuration list for PBXNativeTarget "urna-distribuida-app" */ = {
			isa = XCConfigurationList;
			buildConfigurations = (
				3DDE094D1FD9879A00CE7201 /* Debug */,
				3DDE094E1FD9879A00CE7201 /* Release */,
			);
			defaultConfigurationIsVisible = 0;
			defaultConfigurationName = Release;
		};
/* End XCConfigurationList section */
	};
	rootObject = 3DDE09321FD9879900CE7201 /* Project object */;
}
